// !$*UTF8*$!
{
	archiveVersion = 1;
	classes = {
	};
	objectVersion = 46;
	objects = {

/* Begin PBXBuildFile section */
		C52AC9FB1EB0040300EEE146 /* main.m in Sources */ = {isa = PBXBuildFile; fileRef = C52AC9FA1EB0040300EEE146 /* main.m */; };
		C52AC9FE1EB0040300EEE146 /* AppDelegate.m in Sources */ = {isa = PBXBuildFile; fileRef = C52AC9FD1EB0040300EEE146 /* AppDelegate.m */; };
		C52ACA011EB0040300EEE146 /* ViewController.m in Sources */ = {isa = PBXBuildFile; fileRef = C52ACA001EB0040300EEE146 /* ViewController.m */; };
		C52ACA041EB0040300EEE146 /* Main.storyboard in Resources */ = {isa = PBXBuildFile; fileRef = C52ACA021EB0040300EEE146 /* Main.storyboard */; };
		C52ACA061EB0040300EEE146 /* Assets.xcassets in Resources */ = {isa = PBXBuildFile; fileRef = C52ACA051EB0040300EEE146 /* Assets.xcassets */; };
		C52ACA091EB0040300EEE146 /* LaunchScreen.storyboard in Resources */ = {isa = PBXBuildFile; fileRef = C52ACA071EB0040300EEE146 /* LaunchScreen.storyboard */; };
/* End PBXBuildFile section */

/* Begin PBXFileReference section */
		C52AC9F61EB0040300EEE146 /* growingTextField.app */ = {isa = PBXFileReference; explicitFileType = wrapper.application; includeInIndex = 0; path = growingTextField.app; sourceTree = BUILT_PRODUCTS_DIR; };
		C52AC9FA1EB0040300EEE146 /* main.m */ = {isa = PBXFileReference; lastKnownFileType = sourcecode.c.objc; path = main.m; sourceTree = "<group>"; };
		C52AC9FC1EB0040300EEE146 /* AppDelegate.h */ = {isa = PBXFileReference; lastKnownFileType = sourcecode.c.h; path = AppDelegate.h; sourceTree = "<group>"; };
		C52AC9FD1EB0040300EEE146 /* AppDelegate.m */ = {isa = PBXFileReference; lastKnownFileType = sourcecode.c.objc; path = AppDelegate.m; sourceTree = "<group>"; };
		C52AC9FF1EB0040300EEE146 /* ViewController.h */ = {isa = PBXFileReference; lastKnownFileType = sourcecode.c.h; path = ViewController.h; sourceTree = "<group>"; };
		C52ACA001EB0040300EEE146 /* ViewController.m */ = {isa = PBXFileReference; lastKnownFileType = sourcecode.c.objc; path = ViewController.m; sourceTree = "<group>"; };
		C52ACA031EB0040300EEE146 /* Base */ = {isa = PBXFileReference; lastKnownFileType = file.storyboard; name = Base; path = Base.lproj/Main.storyboard; sourceTree = "<group>"; };
		C52ACA051EB0040300EEE146 /* Assets.xcassets */ = {isa = PBXFileReference; lastKnownFileType = folder.assetcatalog; path = Assets.xcassets; sourceTree = "<group>"; };
		C52ACA081EB0040300EEE146 /* Base */ = {isa = PBXFileReference; lastKnownFileType = file.storyboard; name = Base; path = Base.lproj/LaunchScreen.storyboard; sourceTree = "<group>"; };
		C52ACA0A1EB0040300EEE146 /* Info.plist */ = {isa = PBXFileReference; lastKnownFileType = text.plist.xml; path = Info.plist; sourceTree = "<group>"; };
/* End PBXFileReference section */

/* Begin PBXFrameworksBuildPhase section */
		C52AC9F31EB0040300EEE146 /* Frameworks */ = {
			isa = PBXFrameworksBuildPhase;
			buildActionMask = 2147483647;
			files = (
			);
			runOnlyForDeploymentPostprocessing = 0;
		};
/* End PBXFrameworksBuildPhase section */

/* Begin PBXGroup section */
		C52AC9ED1EB0040300EEE146 = {
			isa = PBXGroup;
			children = (
				C52AC9F81EB0040300EEE146 /* growingTextField */,
				C52AC9F71EB0040300EEE146 /* Products */,
			);
			sourceTree = "<group>";
		};
		C52AC9F71EB0040300EEE146 /* Products */ = {
			isa = PBXGroup;
			children = (
				C52AC9F61EB0040300EEE146 /* growingTextField.app */,
			);
			name = Products;
			sourceTree = "<group>";
		};
		C52AC9F81EB0040300EEE146 /* growingTextField */ = {
			isa = PBXGroup;
			children = (
				C52AC9FC1EB0040300EEE146 /* AppDelegate.h */,
				C52AC9FD1EB0040300EEE146 /* AppDelegate.m */,
				C52AC9FF1EB0040300EEE146 /* ViewController.h */,
				C52ACA001EB0040300EEE146 /* ViewController.m */,
				C52ACA021EB0040300EEE146 /* Main.storyboard */,
				C52ACA051EB0040300EEE146 /* Assets.xcassets */,
				C52ACA071EB0040300EEE146 /* LaunchScreen.storyboard */,
				C52ACA0A1EB0040300EEE146 /* Info.plist */,
				C52AC9F91EB0040300EEE146 /* Supporting Files */,
			);
			path = growingTextField;
			sourceTree = "<group>";
		};
		C52AC9F91EB0040300EEE146 /* Supporting Files */ = {
			isa = PBXGroup;
			children = (
				C52AC9FA1EB0040300EEE146 /* main.m */,
			);
			name = "Supporting Files";
			sourceTree = "<group>";
		};
/* End PBXGroup section */

/* Begin PBXNativeTarget section */
		C52AC9F51EB0040300EEE146 /* growingTextField */ = {
			isa = PBXNativeTarget;
			buildConfigurationList = C52ACA0D1EB0040300EEE146 /* Build configuration list for PBXNativeTarget "growingTextField" */;
			buildPhases = (
				C52AC9F21EB0040300EEE146 /* Sources */,
				C52AC9F31EB0040300EEE146 /* Frameworks */,
				C52AC9F41EB0040300EEE146 /* Resources */,
			);
			buildRules = (
			);
			dependencies = (
			);
			name = growingTextField;
			productName = growingTextField;
			productReference = C52AC9F61EB0040300EEE146 /* growingTextField.app */;
			productType = "com.apple.product-type.application";
		};
/* End PBXNativeTarget section */

/* Begin PBXProject section */
		C52AC9EE1EB0040300EEE146 /* Project object */ = {
			isa = PBXProject;
			attributes = {
				LastUpgradeCheck = 0830;
				ORGANIZATIONNAME = CoDeveloper;
				TargetAttributes = {
					C52AC9F51EB0040300EEE146 = {
						CreatedOnToolsVersion = 8.3.2;
						DevelopmentTeam = TP3H9W68CY;
						ProvisioningStyle = Automatic;
					};
				};
			};
			buildConfigurationList = C52AC9F11EB0040300EEE146 /* Build configuration list for PBXProject "growingTextField" */;
			compatibilityVersion = "Xcode 3.2";
			developmentRegion = English;
			hasScannedForEncodings = 0;
			knownRegions = (
				en,
				Base,
			);
			mainGroup = C52AC9ED1EB0040300EEE146;
			productRefGroup = C52AC9F71EB0040300EEE146 /* Products */;
			projectDirPath = "";
			projectRoot = "";
			targets = (
				C52AC9F51EB0040300EEE146 /* growingTextField */,
			);
		};
/* End PBXProject section */

/* Begin PBXResourcesBuildPhase section */
		C52AC9F41EB0040300EEE146 /* Resources */ = {
			isa = PBXResourcesBuildPhase;
			buildActionMask = 2147483647;
			files = (
				C52ACA091EB0040300EEE146 /* LaunchScreen.storyboard in Resources */,
				C52ACA061EB0040300EEE146 /* Assets.xcassets in Resources */,
				C52ACA041EB0040300EEE146 /* Main.storyboard in Resources */,
			);
			runOnlyForDeploymentPostprocessing = 0;
		};
/* End PBXResourcesBuildPhase section */

/* Begin PBXSourcesBuildPhase section */
		C52AC9F21EB0040300EEE146 /* Sources */ = {
			isa = PBXSourcesBuildPhase;
			buildActionMask = 2147483647;
			files = (
				C52ACA011EB0040300EEE146 /* ViewController.m in Sources */,
				C52AC9FE1EB0040300EEE146 /* AppDelegate.m in Sources */,
				C52AC9FB1EB0040300EEE146 /* main.m in Sources */,
			);
			runOnlyForDeploymentPostprocessing = 0;
		};
/* End PBXSourcesBuildPhase section */

/* Begin PBXVariantGroup section */
		C52ACA021EB0040300EEE146 /* Main.storyboard */ = {
			isa = PBXVariantGroup;
			children = (
				C52ACA031EB0040300EEE146 /* Base */,
			);
			name = Main.storyboard;
			sourceTree = "<group>";
		};
		C52ACA071EB0040300EEE146 /* LaunchScreen.storyboard */ = {
			isa = PBXVariantGroup;
			children = (
				C52ACA081EB0040300EEE146 /* Base */,
			);
			name = LaunchScreen.storyboard;
			sourceTree = "<group>";
		};
/* End PBXVariantGroup section */

/* Begin XCBuildConfiguration section */
		C52ACA0B1EB0040300EEE146 /* Debug */ = {
			isa = XCBuildConfiguration;
			buildSettings = {
				ALWAYS_SEARCH_USER_PATHS = NO;
				CLANG_ANALYZER_NONNULL = YES;
				CLANG_ANALYZER_NUMBER_OBJECT_CONVERSION = YES_AGGRESSIVE;
				CLANG_CXX_LANGUAGE_STANDARD = "gnu++0x";
				CLANG_CXX_LIBRARY = "libc++";
				CLANG_ENABLE_MODULES = YES;
				CLANG_ENABLE_OBJC_ARC = YES;
				CLANG_WARN_BOOL_CONVERSION = YES;
				CLANG_WARN_CONSTANT_CONVERSION = YES;
				CLANG_WARN_DIRECT_OBJC_ISA_USAGE = YES_ERROR;
				CLANG_WARN_DOCUMENTATION_COMMENTS = YES;
				CLANG_WARN_EMPTY_BODY = YES;
				CLANG_WARN_ENUM_CONVERSION = YES;
				CLANG_WARN_INFINITE_RECURSION = YES;
				CLANG_WARN_INT_CONVERSION = YES;
				CLANG_WARN_OBJC_ROOT_CLASS = YES_ERROR;
				CLANG_WARN_SUSPICIOUS_MOVE = YES;
				CLANG_WARN_UNREACHABLE_CODE = YES;
				CLANG_WARN__DUPLICATE_METHOD_MATCH = YES;
				"CODE_SIGN_IDENTITY[sdk=iphoneos*]" = "iPhone Developer";
				COPY_PHASE_STRIP = NO;
				DEBUG_INFORMATION_FORMAT = dwarf;
				ENABLE_STRICT_OBJC_MSGSEND = YES;
				ENABLE_TESTABILITY = YES;
				GCC_C_LANGUAGE_STANDARD = gnu99;
				GCC_DYNAMIC_NO_PIC = NO;
				GCC_NO_COMMON_BLOCKS = YES;
				GCC_OPTIMIZATION_LEVEL = 0;
				GCC_PREPROCESSOR_DEFINITIONS = (
					"DEBUG=1",
					"$(inherited)",
				);
				GCC_WARN_64_TO_32_BIT_CONVERSION = YES;
				GCC_WARN_ABOUT_RETURN_TYPE = YES_ERROR;
				GCC_WARN_UNDECLARED_SELECTOR = YES;
				GCC_WARN_UNINITIALIZED_AUTOS = YES_AGGRESSIVE;
				GCC_WARN_UNUSED_FUNCTION = YES;
				GCC_WARN_UNUSED_VARIABLE = YES;
				IPHONEOS_DEPLOYMENT_TARGET = 10.3;
				MTL_ENABLE_DEBUG_INFO = YES;
				ONLY_ACTIVE_ARCH = YES;
				SDKROOT = iphoneos;
			};
			name = Debug;
		};
		C52ACA0C1EB0040300EEE146 /* Release */ = {
			isa = XCBuildConfiguration;
			buildSettings = {
				ALWAYS_SEARCH_USER_PATHS = NO;
				CLANG_ANALYZER_NONNULL = YES;
				CLANG_ANALYZER_NUMBER_OBJECT_CONVERSION = YES_AGGRESSIVE;
				CLANG_CXX_LANGUAGE_STANDARD = "gnu++0x";
				CLANG_CXX_LIBRARY = "libc++";
				CLANG_ENABLE_MODULES = YES;
				CLANG_ENABLE_OBJC_ARC = YES;
				CLANG_WARN_BOOL_CONVERSION = YES;
				CLANG_WARN_CONSTANT_CONVERSION = YES;
				CLANG_WARN_DIRECT_OBJC_ISA_USAGE = YES_ERROR;
				CLANG_WARN_DOCUMENTATION_COMMENTS = YES;
				CLANG_WARN_EMPTY_BODY = YES;
				CLANG_WARN_ENUM_CONVERSION = YES;
				CLANG_WARN_INFINITE_RECURSION = YES;
				CLANG_WARN_INT_CONVERSION = YES;
				CLANG_WARN_OBJC_ROOT_CLASS = YES_ERROR;
				CLANG_WARN_SUSPICIOUS_MOVE = YES;
				CLANG_WARN_UNREACHABLE_CODE = YES;
				CLANG_WARN__DUPLICATE_METHOD_MATCH = YES;
				"CODE_SIGN_IDENTITY[sdk=iphoneos*]" = "iPhone Developer";
				COPY_PHASE_STRIP = NO;
				DEBUG_INFORMATION_FORMAT = "dwarf-with-dsym";
				ENABLE_NS_ASSERTIONS = NO;
				ENABLE_STRICT_OBJC_MSGSEND = YES;
				GCC_C_LANGUAGE_STANDARD = gnu99;
				GCC_NO_COMMON_BLOCKS = YES;
				GCC_WARN_64_TO_32_BIT_CONVERSION = YES;
				GCC_WARN_ABOUT_RETURN_TYPE = YES_ERROR;
				GCC_WARN_UNDECLARED_SELECTOR = YES;
				GCC_WARN_UNINITIALIZED_AUTOS = YES_AGGRESSIVE;
				GCC_WARN_UNUSED_FUNCTION = YES;
				GCC_WARN_UNUSED_VARIABLE = YES;
				IPHONEOS_DEPLOYMENT_TARGET = 10.3;
				MTL_ENABLE_DEBUG_INFO = NO;
				SDKROOT = iphoneos;
				VALIDATE_PRODUCT = YES;
			};
			name = Release;
		};
		C52ACA0E1EB0040300EEE146 /* Debug */ = {
			isa = XCBuildConfiguration;
			buildSettings = {
				ASSETCATALOG_COMPILER_APPICON_NAME = AppIcon;
				DEVELOPMENT_TEAM = TP3H9W68CY;
				INFOPLIST_FILE = growingTextField/Info.plist;
				LD_RUNPATH_SEARCH_PATHS = "$(inherited) @executable_path/Frameworks";
				PRODUCT_BUNDLE_IDENTIFIER = com.codeveloper.growingTextField;
				PRODUCT_NAME = "$(TARGET_NAME)";
			};
			name = Debug;
		};
		C52ACA0F1EB0040300EEE146 /* Release */ = {
			isa = XCBuildConfiguration;
			buildSettings = {
				ASSETCATALOG_COMPILER_APPICON_NAME = AppIcon;
				DEVELOPMENT_TEAM = TP3H9W68CY;
				INFOPLIST_FILE = growingTextField/Info.plist;
				LD_RUNPATH_SEARCH_PATHS = "$(inherited) @executable_path/Frameworks";
				PRODUCT_BUNDLE_IDENTIFIER = com.codeveloper.growingTextField;
				PRODUCT_NAME = "$(TARGET_NAME)";
			};
			name = Release;
		};
/* End XCBuildConfiguration section */

/* Begin XCConfigurationList section */
		C52AC9F11EB0040300EEE146 /* Build configuration list for PBXProject "growingTextField" */ = {
			isa = XCConfigurationList;
			buildConfigurations = (
				C52ACA0B1EB0040300EEE146 /* Debug */,
				C52ACA0C1EB0040300EEE146 /* Release */,
			);
			defaultConfigurationIsVisible = 0;
			defaultConfigurationName = Release;
		};
		C52ACA0D1EB0040300EEE146 /* Build configuration list for PBXNativeTarget "growingTextField" */ = {
			isa = XCConfigurationList;
			buildConfigurations = (
				C52ACA0E1EB0040300EEE146 /* Debug */,
				C52ACA0F1EB0040300EEE146 /* Release */,
			);
			defaultConfigurationIsVisible = 0;
		};
/* End XCConfigurationList section */
	};
	rootObject = C52AC9EE1EB0040300EEE146 /* Project object */;
}
